// !$*UTF8*$!
{
	archiveVersion = 1;
	classes = {
	};
	objectVersion = 77;
	objects = {

/* Begin PBXBuildFile section */
		17EE68B02D848EA100B77523 /* Starscream in Frameworks */ = {isa = PBXBuildFile; productRef = 17EE68AF2D848EA100B77523 /* Starscream */; };
		17EE68B32D848EF000B77523 /* KeychainAccess in Frameworks */ = {isa = PBXBuildFile; productRef = 17EE68B22D848EF000B77523 /* KeychainAccess */; };
		4EE1A6092D954CE9007D655E /* StosSign in Frameworks */ = {isa = PBXBuildFile; productRef = 4EE1A6082D954CE9007D655E /* StosSign */; };
		EN_LPROJ_BUILD /* en.lproj in Resources */ = {isa = PBXBuildFile; fileRef = EN_LPROJ /* en.lproj */; };
		ZH_LPROJ_BUILD /* zh-Hans.lproj in Resources */ = {isa = PBXBuildFile; fileRef = ZH_LPROJ /* zh-Hans.lproj */; };
		123456ABCDEF123456ABCDED /* PrivacyScreen in Frameworks */ = {isa = PBXBuildFile; productRef = 123456ABCDEF123456ABCDEE /* PrivacyScreen */; };
/* End PBXBuildFile section */

/* Begin PBXFileReference section */
		173496F02D847E82007994DB /* Entitlement.app */ = {isa = PBXFileReference; explicitFileType = wrapper.application; includeInIndex = 0; path = Entitlement.app; sourceTree = BUILT_PRODUCTS_DIR; };
		17D124782D85856000796C1D /* OpenSSL.xcframework */ = {isa = PBXFileReference; expectedSignature = "AppleDeveloperProgram:67RAULRX93:Marcin Krzyzanowski"; lastKnownFileType = wrapper.xcframework; name = OpenSSL.xcframework; path = OpenSSL/Frameworks/OpenSSL.xcframework; sourceTree = "<group>"; };
		EN_LPROJ /* en.lproj */ = {isa = PBXFileReference; lastKnownFileType = folder.localized; path = Entitlement/Resources/en.lproj; sourceTree = "<group>"; };
		ZH_LPROJ /* zh-Hans.lproj */ = {isa = PBXFileReference; lastKnownFileType = folder.localized; path = Entitlement/Resources/zh-Hans.lproj; sourceTree = "<group>"; };
/* End PBXFileReference section */

/* Begin PBXFileSystemSynchronizedBuildFileExceptionSet section */
		17D96C882D8543BB00BF51F6 /* Exceptions for "Entitlement" folder in "Entitlement" target */ = {
			isa = PBXFileSystemSynchronizedBuildFileExceptionSet;
			membershipExceptions = (
				Info.plist,
			);
			target = 173496EF2D847E82007994DB /* Entitlement */;
		};
/* End PBXFileSystemSynchronizedBuildFileExceptionSet section */

/* Begin PBXFileSystemSynchronizedRootGroup section */
		173496F22D847E82007994DB /* Entitlement */ = {
			isa = PBXFileSystemSynchronizedRootGroup;
			exceptions = (
				17D96C882D8543BB00BF51F6 /* Exceptions for "Entitlement" folder in "Entitlement" target */,
			);
			path = Entitlement;
			sourceTree = "<group>";
		};
/* End PBXFileSystemSynchronizedRootGroup section */

/* Begin PBXFrameworksBuildPhase section */
		173496ED2D847E82007994DB /* Frameworks */ = {
			isa = PBXFrameworksBuildPhase;
			buildActionMask = 2147483647;
			files = (
				4EE1A6092D954CE9007D655E /* StosSign in Frameworks */,
				17EE68B32D848EF000B77523 /* KeychainAccess in Frameworks */,
				17EE68B02D848EA100B77523 /* Starscream in Frameworks */,
				123456ABCDEF123456ABCDED /* PrivacyScreen in Frameworks */,
			);
			runOnlyForDeploymentPostprocessing = 0;
		};
/* End PBXFrameworksBuildPhase section */

/* Begin PBXGroup section */
		173496E72D847E82007994DB = {
			isa = PBXGroup;
			children = (
				173496F22D847E82007994DB /* Entitlement */,
				173497042D847F5A007994DB /* Frameworks */,
				173496F12D847E82007994DB /* Products */,
				EN_LPROJ /* en.lproj */,
				ZH_LPROJ /* zh-Hans.lproj */,
			);
			sourceTree = "<group>";
		};
		173496F12D847E82007994DB /* Products */ = {
			isa = PBXGroup;
			children = (
				173496F02D847E82007994DB /* Entitlement.app */,
			);
			name = Products;
			sourceTree = "<group>";
		};
		173497042D847F5A007994DB /* Frameworks */ = {
			isa = PBXGroup;
			children = (
				17D124782D85856000796C1D /* OpenSSL.xcframework */,
			);
			name = Frameworks;
			sourceTree = "<group>";
		};
/* End PBXGroup section */

/* Begin PBXNativeTarget section */
		173496EF2D847E82007994DB /* Entitlement */ = {
			isa = PBXNativeTarget;
			buildConfigurationList = 173496FE2D847E83007994DB /* Build configuration list for PBXNativeTarget "Entitlement" */;
			buildPhases = (
				173496EC2D847E82007994DB /* Sources */,
				173496ED2D847E82007994DB /* Frameworks */,
				173496EE2D847E82007994DB /* Resources */,
			);
			buildRules = (
			);
			dependencies = (
			);
			fileSystemSynchronizedGroups = (
				173496F22D847E82007994DB /* Entitlement */,
			);
			name = Entitlement;
			packageProductDependencies = (
				17EE68AF2D848EA100B77523 /* Starscream */,
				17EE68B22D848EF000B77523 /* KeychainAccess */,
				4EE1A6082D954CE9007D655E /* StosSign */,
				123456ABCDEF123456ABCDEE /* PrivacyScreen */,
			);
			productName = Entitlement;
			productReference = 173496F02D847E82007994DB /* Entitlement.app */;
			productType = "com.apple.product-type.application";
		};
/* End PBXNativeTarget section */

/* Begin PBXProject section */
		173496E82D847E82007994DB /* Project object */ = {
			isa = PBXProject;
			attributes = {
				BuildIndependentTargetsInParallel = 1;
				LastSwiftUpdateCheck = 1620;
				LastUpgradeCheck = 1620;
				TargetAttributes = {
					173496EF2D847E82007994DB = {
						CreatedOnToolsVersion = 16.2;
					};
				};
			};
			buildConfigurationList = 173496EB2D847E82007994DB /* Build configuration list for PBXProject "Entitlement" */;
			developmentRegion = en;
			hasScannedForEncodings = 0;
			knownRegions = (
				en,
				zh-Hans,
				Base,
			);
			mainGroup = 173496E72D847E82007994DB;
			minimizedProjectReferenceProxies = 1;
			packageReferences = (
				17EE68AE2D848EA100B77523 /* XCRemoteSwiftPackageReference "Starscream" */,
				17EE68B12D848EF000B77523 /* XCRemoteSwiftPackageReference "KeychainAccess" */,
				4EE1A6072D954CE9007D655E /* XCRemoteSwiftPackageReference "StosSign" */,
				123456ABCDEF123456ABCDEF /* XCRemoteSwiftPackageReference "PrivacyScreen" */,
			);
			preferredProjectObjectVersion = 77;
			productRefGroup = 173496F12D847E82007994DB /* Products */;
			projectDirPath = "";
			projectRoot = "";
			targets = (
				173496EF2D847E82007994DB /* Entitlement */,
			);
		};
/* End PBXProject section */

/* Begin PBXResourcesBuildPhase section */
		173496EE2D847E82007994DB /* Resources */ = {
			isa = PBXResourcesBuildPhase;
			buildActionMask = 2147483647;
			files = (
				EN_LPROJ_BUILD /* en.lproj in Resources */,
				ZH_LPROJ_BUILD /* zh-Hans.lproj in Resources */,
			);
			runOnlyForDeploymentPostprocessing = 0;
		};
/* End PBXResourcesBuildPhase section */

/* Begin PBXSourcesBuildPhase section */
		173496EC2D847E82007994DB /* Sources */ = {
			isa = PBXSourcesBuildPhase;
			buildActionMask = 2147483647;
			files = (
			);
			runOnlyForDeploymentPostprocessing = 0;
		};
/* End PBXSourcesBuildPhase section */

/* Begin XCBuildConfiguration section */
		173496FC2D847E83007994DB /* Debug */ = {
			isa = XCBuildConfiguration;
			buildSettings = {
				ALWAYS_SEARCH_USER_PATHS = NO;
				ASSETCATALOG_COMPILER_GENERATE_SWIFT_ASSET_SYMBOL_EXTENSIONS = YES;
				CLANG_ANALYZER_NONNULL = YES;
				CLANG_ANALYZER_NUMBER_OBJECT_CONVERSION = YES_AGGRESSIVE;
				CLANG_CXX_LANGUAGE_STANDARD = "gnu++20";
				CLANG_ENABLE_MODULES = YES;
				CLANG_ENABLE_OBJC_ARC = YES;
				CLANG_ENABLE_OBJC_WEAK = YES;
				CLANG_WARN_BLOCK_CAPTURE_AUTORELEASING = YES;
				CLANG_WARN_BOOL_CONVERSION = YES;
				CLANG_WARN_COMMA = YES;
				CLANG_WARN_CONSTANT_CONVERSION = YES;
				CLANG_WARN_DEPRECATED_OBJC_IMPLEMENTATIONS = YES;
				CLANG_WARN_DIRECT_OBJC_ISA_USAGE = YES_ERROR;
				CLANG_WARN_DOCUMENTATION_COMMENTS = YES;
				CLANG_WARN_EMPTY_BODY = YES;
				CLANG_WARN_ENUM_CONVERSION = YES;
				CLANG_WARN_INFINITE_RECURSION = YES;
				CLANG_WARN_INT_CONVERSION = YES;
				CLANG_WARN_NON_LITERAL_NULL_CONVERSION = YES;
				CLANG_WARN_OBJC_IMPLICIT_RETAIN_SELF = YES;
				CLANG_WARN_OBJC_LITERAL_CONVERSION = YES;
				CLANG_WARN_OBJC_ROOT_CLASS = YES_ERROR;
				CLANG_WARN_QUOTED_INCLUDE_IN_FRAMEWORK_HEADER = YES;
				CLANG_WARN_RANGE_LOOP_ANALYSIS = YES;
				CLANG_WARN_STRICT_PROTOTYPES = YES;
				CLANG_WARN_SUSPICIOUS_MOVE = YES;
				CLANG_WARN_UNGUARDED_AVAILABILITY = YES_AGGRESSIVE;
				CLANG_WARN_UNREACHABLE_CODE = YES;
				CLANG_WARN__DUPLICATE_METHOD_MATCH = YES;
				COPY_PHASE_STRIP = NO;
				DEBUG_INFORMATION_FORMAT = dwarf;
				ENABLE_STRICT_OBJC_MSGSEND = YES;
				ENABLE_TESTABILITY = YES;
				ENABLE_USER_SCRIPT_SANDBOXING = YES;
				GCC_C_LANGUAGE_STANDARD = gnu17;
				GCC_DYNAMIC_NO_PIC = NO;
				GCC_NO_COMMON_BLOCKS = YES;
				GCC_OPTIMIZATION_LEVEL = 0;
				GCC_PREPROCESSOR_DEFINITIONS = (
					"DEBUG=1",
					"$(inherited)",
				);
				GCC_WARN_64_TO_32_BIT_CONVERSION = YES;
				GCC_WARN_ABOUT_RETURN_TYPE = YES_ERROR;
				GCC_WARN_UNDECLARED_SELECTOR = YES;
				GCC_WARN_UNINITIALIZED_AUTOS = YES_AGGRESSIVE;
				GCC_WARN_UNUSED_FUNCTION = YES;
				GCC_WARN_UNUSED_VARIABLE = YES;
				IPHONEOS_DEPLOYMENT_TARGET = 17.0;
				LOCALIZATION_PREFERS_STRING_CATALOGS = YES;
				MTL_ENABLE_DEBUG_INFO = INCLUDE_SOURCE;
				MTL_FAST_MATH = YES;
				ONLY_ACTIVE_ARCH = YES;
				SDKROOT = iphoneos;
				SWIFT_ACTIVE_COMPILATION_CONDITIONS = "DEBUG $(inherited)";
				SWIFT_OPTIMIZATION_LEVEL = "-Onone";
			};
			name = Debug;
		};
		173496FD2D847E83007994DB /* Release */ = {
			isa = XCBuildConfiguration;
			buildSettings = {
				ALWAYS_SEARCH_USER_PATHS = NO;
				ASSETCATALOG_COMPILER_GENERATE_SWIFT_ASSET_SYMBOL_EXTENSIONS = YES;
				CLANG_ANALYZER_NONNULL = YES;
				CLANG_ANALYZER_NUMBER_OBJECT_CONVERSION = YES_AGGRESSIVE;
				CLANG_CXX_LANGUAGE_STANDARD = "gnu++20";
				CLANG_ENABLE_MODULES = YES;
				CLANG_ENABLE_OBJC_ARC = YES;
				CLANG_ENABLE_OBJC_WEAK = YES;
				CLANG_WARN_BLOCK_CAPTURE_AUTORELEASING = YES;
				CLANG_WARN_BOOL_CONVERSION = YES;
				CLANG_WARN_COMMA = YES;
				CLANG_WARN_CONSTANT_CONVERSION = YES;
				CLANG_WARN_DEPRECATED_OBJC_IMPLEMENTATIONS = YES;
				CLANG_WARN_DIRECT_OBJC_ISA_USAGE = YES_ERROR;
				CLANG_WARN_DOCUMENTATION_COMMENTS = YES;
				CLANG_WARN_EMPTY_BODY = YES;
				CLANG_WARN_ENUM_CONVERSION = YES;
				CLANG_WARN_INFINITE_RECURSION = YES;
				CLANG_WARN_INT_CONVERSION = YES;
				CLANG_WARN_NON_LITERAL_NULL_CONVERSION = YES;
				CLANG_WARN_OBJC_IMPLICIT_RETAIN_SELF = YES;
				CLANG_WARN_OBJC_LITERAL_CONVERSION = YES;
				CLANG_WARN_OBJC_ROOT_CLASS = YES_ERROR;
				CLANG_WARN_QUOTED_INCLUDE_IN_FRAMEWORK_HEADER = YES;
				CLANG_WARN_RANGE_LOOP_ANALYSIS = YES;
				CLANG_WARN_STRICT_PROTOTYPES = YES;
				CLANG_WARN_SUSPICIOUS_MOVE = YES;
				CLANG_WARN_UNGUARDED_AVAILABILITY = YES_AGGRESSIVE;
				CLANG_WARN_UNREACHABLE_CODE = YES;
				CLANG_WARN__DUPLICATE_METHOD_MATCH = YES;
				COPY_PHASE_STRIP = NO;
				DEBUG_INFORMATION_FORMAT = "dwarf-with-dsym";
				ENABLE_NS_ASSERTIONS = NO;
				ENABLE_STRICT_OBJC_MSGSEND = YES;
				ENABLE_USER_SCRIPT_SANDBOXING = YES;
				GCC_C_LANGUAGE_STANDARD = gnu17;
				GCC_NO_COMMON_BLOCKS = YES;
				GCC_WARN_64_TO_32_BIT_CONVERSION = YES;
				GCC_WARN_ABOUT_RETURN_TYPE = YES_ERROR;
				GCC_WARN_UNDECLARED_SELECTOR = YES;
				GCC_WARN_UNINITIALIZED_AUTOS = YES_AGGRESSIVE;
				GCC_WARN_UNUSED_FUNCTION = YES;
				GCC_WARN_UNUSED_VARIABLE = YES;
				IPHONEOS_DEPLOYMENT_TARGET = 17.0;
				LOCALIZATION_PREFERS_STRING_CATALOGS = YES;
				MTL_ENABLE_DEBUG_INFO = NO;
				MTL_FAST_MATH = YES;
				SDKROOT = iphoneos;
				SWIFT_COMPILATION_MODE = wholemodule;
				VALIDATE_PRODUCT = YES;
			};
			name = Release;
		};
		173496FF2D847E83007994DB /* Debug */ = {
			isa = XCBuildConfiguration;
			buildSettings = {
				ASSETCATALOG_COMPILER_APPICON_NAME = AppIcon;
				ASSETCATALOG_COMPILER_GLOBAL_ACCENT_COLOR_NAME = AccentColor;
				CODE_SIGN_STYLE = Automatic;
				CURRENT_PROJECT_VERSION = 1;
				DEVELOPMENT_ASSET_PATHS = "\"Entitlement/Preview Content\"";
				DEVELOPMENT_TEAM = 95J8WZ4TN8;
				ENABLE_PREVIEWS = YES;
				GENERATE_INFOPLIST_FILE = YES;
				INFOPLIST_FILE = Entitlement/Info.plist;
				INFOPLIST_KEY_CFBundleDisplayName = "Get More Ram";
				INFOPLIST_KEY_UIApplicationSceneManifest_Generation = YES;
				INFOPLIST_KEY_UIApplicationSupportsIndirectInputEvents = YES;
				INFOPLIST_KEY_UILaunchScreen_Generation = YES;
				INFOPLIST_KEY_UISupportedInterfaceOrientations_iPad = "UIInterfaceOrientationPortrait UIInterfaceOrientationPortraitUpsideDown UIInterfaceOrientationLandscapeLeft UIInterfaceOrientationLandscapeRight";
				INFOPLIST_KEY_UISupportedInterfaceOrientations_iPhone = "UIInterfaceOrientationPortrait UIInterfaceOrientationLandscapeLeft UIInterfaceOrientationLandscapeRight";
				IPHONEOS_DEPLOYMENT_TARGET = 16.0;
				LD_RUNPATH_SEARCH_PATHS = (
					"$(inherited)",
					"@executable_path/Frameworks",
				);
				MARKETING_VERSION = 1.0;
				PRODUCT_BUNDLE_IDENTIFIER = com.stos.Entitlement;
				PRODUCT_NAME = "$(TARGET_NAME)";
				SWIFT_EMIT_LOC_STRINGS = YES;
				SWIFT_VERSION = 5.0;
				TARGETED_DEVICE_FAMILY = "1,2";
			};
			name = Debug;
		};
		173497002D847E83007994DB /* Release */ = {
			isa = XCBuildConfiguration;
			buildSettings = {
				ASSETCATALOG_COMPILER_APPICON_NAME = AppIcon;
				ASSETCATALOG_COMPILER_GLOBAL_ACCENT_COLOR_NAME = AccentColor;
				CODE_SIGN_STYLE = Automatic;
				CURRENT_PROJECT_VERSION = 1;
				DEVELOPMENT_ASSET_PATHS = "\"Entitlement/Preview Content\"";
				DEVELOPMENT_TEAM = 95J8WZ4TN8;
				ENABLE_PREVIEWS = YES;
				GENERATE_INFOPLIST_FILE = YES;
				INFOPLIST_FILE = Entitlement/Info.plist;
				INFOPLIST_KEY_CFBundleDisplayName = "Get More Ram";
				INFOPLIST_KEY_UIApplicationSceneManifest_Generation = YES;
				INFOPLIST_KEY_UIApplicationSupportsIndirectInputEvents = YES;
				INFOPLIST_KEY_UILaunchScreen_Generation = YES;
				INFOPLIST_KEY_UISupportedInterfaceOrientations_iPad = "UIInterfaceOrientationPortrait UIInterfaceOrientationPortraitUpsideDown UIInterfaceOrientationLandscapeLeft UIInterfaceOrientationLandscapeRight";
				INFOPLIST_KEY_UISupportedInterfaceOrientations_iPhone = "UIInterfaceOrientationPortrait UIInterfaceOrientationLandscapeLeft UIInterfaceOrientationLandscapeRight";
				IPHONEOS_DEPLOYMENT_TARGET = 16.0;
				LD_RUNPATH_SEARCH_PATHS = (
					"$(inherited)",
					"@executable_path/Frameworks",
				);
				MARKETING_VERSION = 1.0;
				PRODUCT_BUNDLE_IDENTIFIER = com.stos.Entitlement;
				PRODUCT_NAME = "$(TARGET_NAME)";
				SWIFT_EMIT_LOC_STRINGS = YES;
				SWIFT_VERSION = 5.0;
				TARGETED_DEVICE_FAMILY = "1,2";
			};
			name = Release;
		};
/* End XCBuildConfiguration section */

/* Begin XCConfigurationList section */
		173496EB2D847E82007994DB /* Build configuration list for PBXProject "Entitlement" */ = {
			isa = XCConfigurationList;
			buildConfigurations = (
				173496FC2D847E83007994DB /* Debug */,
				173496FD2D847E83007994DB /* Release */,
			);
			defaultConfigurationIsVisible = 0;
			defaultConfigurationName = Release;
		};
		173496FE2D847E83007994DB /* Build configuration list for PBXNativeTarget "Entitlement" */ = {
			isa = XCConfigurationList;
			buildConfigurations = (
				173496FF2D847E83007994DB /* Debug */,
				173497002D847E83007994DB /* Release */,
			);
			defaultConfigurationIsVisible = 0;
			defaultConfigurationName = Release;
		};
/* End XCConfigurationList section */

/* Begin XCRemoteSwiftPackageReference section */
		17EE68AE2D848EA100B77523 /* XCRemoteSwiftPackageReference "Starscream" */ = {
			isa = XCRemoteSwiftPackageReference;
			repositoryURL = "https://github.com/daltoniam/Starscream";
			requirement = {
				kind = upToNextMajorVersion;
				minimumVersion = 4.0.8;
			};
		};
		17EE68B12D848EF000B77523 /* XCRemoteSwiftPackageReference "KeychainAccess" */ = {
			isa = XCRemoteSwiftPackageReference;
			repositoryURL = "https://github.com/kishikawakatsumi/KeychainAccess";
			requirement = {
				branch = master;
				kind = branch;
			};
		};
		4EE1A6072D954CE9007D655E /* XCRemoteSwiftPackageReference "StosSign" */ = {
			isa = XCRemoteSwiftPackageReference;
			repositoryURL = "https://github.com/stossy11/StosSign.git";
			requirement = {
				kind = revision;
				revision = 70a80bdd2b570020e917ec4a6fb79a8cf4ba1100;
			};
		};
		123456ABCDEF123456ABCDEF /* XCRemoteSwiftPackageReference "PrivacyScreen" */ = {
			isa = XCRemoteSwiftPackageReference;
			repositoryURL = "https://github.com/abhay/PrivacyScreen.git";
			requirement = {
				branch = main;
				kind = branch;
			};
		};
/* End XCRemoteSwiftPackageReference section */

/* Begin XCSwiftPackageProductDependency section */
		17EE68AF2D848EA100B77523 /* Starscream */ = {
			isa = XCSwiftPackageProductDependency;
			package = 17EE68AE2D848EA100B77523 /* XCRemoteSwiftPackageReference "Starscream" */;
			productName = Starscream;
		};
		17EE68B22D848EF000B77523 /* KeychainAccess */ = {
			isa = XCSwiftPackageProductDependency;
			package = 17EE68B12D848EF000B77523 /* XCRemoteSwiftPackageReference "KeychainAccess" */;
			productName = KeychainAccess;
		};
		4EE1A6082D954CE9007D655E /* StosSign */ = {
			isa = XCSwiftPackageProductDependency;
			package = 4EE1A6072D954CE9007D655E /* XCRemoteSwiftPackageReference "StosSign" */;
			productName = StosSign;
		};
		123456ABCDEF123456ABCDEE /* PrivacyScreen */ = {
			isa = XCSwiftPackageProductDependency;
			package = 123456ABCDEF123456ABCDEF /* XCRemoteSwiftPackageReference "PrivacyScreen" */;
			productName = PrivacyScreen;
		};
/* End XCSwiftPackageProductDependency section */
	};
	rootObject = 173496E82D847E82007994DB /* Project object */;
}
